
Microsoft Visual Studio Solution File, Format Version 12.00
# Visual Studio 14
VisualStudioVersion = 14.0.25123.0
MinimumVisualStudioVersion = 10.0.40219.1
Project("{FAE04EC0-301F-11D3-BF4B-00C04F79EFBC}") = "ClassLibrary", "ClassLibrary\ClassLibrary.csproj", "{5EFBA865-D4C8-4604-9551-C7A58F33B06B}"
EndProject
Project("{FAE04EC0-301F-11D3-BF4B-00C04F79EFBC}") = "ConsoleTest", "ConsoleTest\ConsoleTest.csproj", "{F60803DE-87B1-417F-8C64-49E0FA800D2B}"
EndProject
Global
	GlobalSection(SolutionConfigurationPlatforms) = preSolution
		Debug|Any CPU = Debug|Any CPU
		Release|Any CPU = Release|Any CPU
	EndGlobalSection
	GlobalSection(ProjectConfigurationPlatforms) = postSolution
		{5EFBA865-D4C8-4604-9551-C7A58F33B06B}.Debug|Any CPU.ActiveCfg = Debug|Any CPU
		{5EFBA865-D4C8-4604-9551-C7A58F33B06B}.Debug|Any CPU.Build.0 = Debug|Any CPU
		{5EFBA865-D4C8-4604-9551-C7A58F33B06B}.Release|Any CPU.ActiveCfg = Release|Any CPU
		{5EFBA865-D4C8-4604-9551-C7A58F33B06B}.Release|Any CPU.Build.0 = Release|Any CPU
		{F60803DE-87B1-417F-8C64-49E0FA800D2B}.Debug|Any CPU.ActiveCfg = Debug|Any CPU
		{F60803DE-87B1-417F-8C64-49E0FA800D2B}.Debug|Any CPU.Build.0 = Debug|Any CPU
		{F60803DE-87B1-417F-8C64-49E0FA800D2B}.Release|Any CPU.ActiveCfg = Release|Any CPU
		{F60803DE-87B1-417F-8C64-49E0FA800D2B}.Release|Any CPU.Build.0 = Release|Any CPU
	EndGlobalSection
	GlobalSection(SolutionProperties) = preSolution
		HideSolutionNode = FALSE
	EndGlobalSection
EndGlobal
